
Microsoft Visual Studio Solution File, Format Version 12.00
# Visual Studio Version 16
VisualStudioVersion = 16.0.31313.79
MinimumVisualStudioVersion = 10.0.40219.1
Project("{FAE04EC0-301F-11D3-BF4B-00C04F79EFBC}") = "Banking", "Banking\Banking.csproj", "{2A00BC37-083D-4CA0-8E60-9193E40FE9CC}"
EndProject
Global
	GlobalSection(SolutionConfigurationPlatforms) = preSolution
		Debug|Any CPU = Debug|Any CPU
		Release|Any CPU = Release|Any CPU
	EndGlobalSection
	GlobalSection(ProjectConfigurationPlatforms) = postSolution
		{2A00BC37-083D-4CA0-8E60-9193E40FE9CC}.Debug|Any CPU.ActiveCfg = Debug|Any CPU
		{2A00BC37-083D-4CA0-8E60-9193E40FE9CC}.Debug|Any CPU.Build.0 = Debug|Any CPU
		{2A00BC37-083D-4CA0-8E60-9193E40FE9CC}.Release|Any CPU.ActiveCfg = Release|Any CPU
		{2A00BC37-083D-4CA0-8E60-9193E40FE9CC}.Release|Any CPU.Build.0 = Release|Any CPU
	EndGlobalSection
	GlobalSection(SolutionProperties) = preSolution
		HideSolutionNode = FALSE
	EndGlobalSection
	GlobalSection(ExtensibilityGlobals) = postSolution
		SolutionGuid = {5C93A78C-AB6F-48F9-82BC-5959E9F0D393}
	EndGlobalSection
EndGlobal
